
Microsoft Visual Studio Solution File, Format Version 12.00
# Visual Studio 15
VisualStudioVersion = 15.0.26124.0
MinimumVisualStudioVersion = 15.0.26124.0
Project("{FAE04EC0-301F-11D3-BF4B-00C04F79EFBC}") = "XMindAPI", "XMindAPI\XMindAPI.csproj", "{3B7F12AF-F1AA-442A-AB71-46205D7C9C59}"
EndProject
Project("{FAE04EC0-301F-11D3-BF4B-00C04F79EFBC}") = "XMindAPI.Tests", "XMindAPI.Tests\XMindAPI.Tests.csproj", "{B260573F-5688-40F9-9CAE-0069781BB596}"
EndProject
Global
	GlobalSection(SolutionConfigurationPlatforms) = preSolution
		Debug|Any CPU = Debug|Any CPU
		Debug|x64 = Debug|x64
		Debug|x86 = Debug|x86
		Release|Any CPU = Release|Any CPU
		Release|x64 = Release|x64
		Release|x86 = Release|x86
	EndGlobalSection
	GlobalSection(SolutionProperties) = preSolution
		HideSolutionNode = FALSE
	EndGlobalSection
	GlobalSection(ProjectConfigurationPlatforms) = postSolution
		{3B7F12AF-F1AA-442A-AB71-46205D7C9C59}.Debug|Any CPU.ActiveCfg = Debug|Any CPU
		{3B7F12AF-F1AA-442A-AB71-46205D7C9C59}.Debug|Any CPU.Build.0 = Debug|Any CPU
		{3B7F12AF-F1AA-442A-AB71-46205D7C9C59}.Debug|x64.ActiveCfg = Debug|Any CPU
		{3B7F12AF-F1AA-442A-AB71-46205D7C9C59}.Debug|x64.Build.0 = Debug|Any CPU
		{3B7F12AF-F1AA-442A-AB71-46205D7C9C59}.Debug|x86.ActiveCfg = Debug|Any CPU
		{3B7F12AF-F1AA-442A-AB71-46205D7C9C59}.Debug|x86.Build.0 = Debug|Any CPU
		{3B7F12AF-F1AA-442A-AB71-46205D7C9C59}.Release|Any CPU.ActiveCfg = Release|Any CPU
		{3B7F12AF-F1AA-442A-AB71-46205D7C9C59}.Release|Any CPU.Build.0 = Release|Any CPU
		{3B7F12AF-F1AA-442A-AB71-46205D7C9C59}.Release|x64.ActiveCfg = Release|Any CPU
		{3B7F12AF-F1AA-442A-AB71-46205D7C9C59}.Release|x64.Build.0 = Release|Any CPU
		{3B7F12AF-F1AA-442A-AB71-46205D7C9C59}.Release|x86.ActiveCfg = Release|Any CPU
		{3B7F12AF-F1AA-442A-AB71-46205D7C9C59}.Release|x86.Build.0 = Release|Any CPU
		{B260573F-5688-40F9-9CAE-0069781BB596}.Debug|Any CPU.ActiveCfg = Debug|Any CPU
		{B260573F-5688-40F9-9CAE-0069781BB596}.Debug|Any CPU.Build.0 = Debug|Any CPU
		{B260573F-5688-40F9-9CAE-0069781BB596}.Debug|x64.ActiveCfg = Debug|Any CPU
		{B260573F-5688-40F9-9CAE-0069781BB596}.Debug|x64.Build.0 = Debug|Any CPU
		{B260573F-5688-40F9-9CAE-0069781BB596}.Debug|x86.ActiveCfg = Debug|Any CPU
		{B260573F-5688-40F9-9CAE-0069781BB596}.Debug|x86.Build.0 = Debug|Any CPU
		{B260573F-5688-40F9-9CAE-0069781BB596}.Release|Any CPU.ActiveCfg = Release|Any CPU
		{B260573F-5688-40F9-9CAE-0069781BB596}.Release|Any CPU.Build.0 = Release|Any CPU
		{B260573F-5688-40F9-9CAE-0069781BB596}.Release|x64.ActiveCfg = Release|Any CPU
		{B260573F-5688-40F9-9CAE-0069781BB596}.Release|x64.Build.0 = Release|Any CPU
		{B260573F-5688-40F9-9CAE-0069781BB596}.Release|x86.ActiveCfg = Release|Any CPU
		{B260573F-5688-40F9-9CAE-0069781BB596}.Release|x86.Build.0 = Release|Any CPU
	EndGlobalSection
EndGlobal
